{
    "_readme": [
        "This file locks the dependencies of your project to a known state",
        "Read more about it at https://getcomposer.org/doc/01-basic-usage.md#installing-dependencies",
        "This file is @generated automatically"
    ],
    "content-hash": "43e3170b372725dcd0a3a450d395419e",
    "packages": [
        {
            "name": "hhvm/hhvm-autoload",
            "version": "1.6.8",
            "source": {
                "type": "git",
                "url": "https://github.com/hhvm/hhvm-autoload.git",
                "reference": "ec0fb2b944fc267f2f3726dbc29744593452b0d4"
            },
            "dist": {
                "type": "zip",
                "url": "https://api.github.com/repos/hhvm/hhvm-autoload/zipball/ec0fb2b944fc267f2f3726dbc29744593452b0d4",
                "reference": "ec0fb2b944fc267f2f3726dbc29744593452b0d4",
                "shasum": ""
            },
            "require": {
                "composer-plugin-api": "^1.0",
                "hhvm": "^3.28"
            },
            "replace": {
                "facebook/hhvm-autoload": "1.*"
            },
            "require-dev": {
                "91carriage/phpunit-hhi": "^5.7",
                "facebook/fbexpect": "^1.1",
                "phpunit/phpunit": "^5.5"
            },
            "bin": [
                "bin/hh-autoload"
            ],
            "type": "composer-plugin",
            "extra": {
                "class": [
                    "Facebook\\AutoloadMap\\ComposerPlugin"
                ]
            },
            "autoload": {
                "classmap": [
                    "src/Writer.php",
                    "src/"
                ],
                "files": [
                    "src/AutoloadMap.php",
                    "src/Config.php",
                    "src/TypeAssert.php"
                ]
            },
            "notification-url": "https://packagist.org/downloads/",
            "time": "2018-08-23T22:25:14+00:00"
        },
        {
            "name": "hhvm/hsl",
            "version": "v3.28.0",
            "source": {
                "type": "git",
                "url": "https://github.com/hhvm/hsl.git",
                "reference": "483c5e98e2a389f11e36a643d5aef06b024b6eba"
            },
            "dist": {
                "type": "zip",
                "url": "https://api.github.com/repos/hhvm/hsl/zipball/483c5e98e2a389f11e36a643d5aef06b024b6eba",
                "reference": "483c5e98e2a389f11e36a643d5aef06b024b6eba",
                "shasum": ""
            },
            "require": {
                "hhvm": "^3.28.0",
                "hhvm/hhvm-autoload": "^1.4"
            },
            "require-dev": {
                "facebook/fbexpect": "^1.0.0",
                "hhvm/hacktest": "^0.2"
            },
            "type": "library",
            "extra": {
                "branch-alias": {
                    "dev-master": "3.x-dev"
                }
            },
            "notification-url": "https://packagist.org/downloads/",
            "license": [
                "MIT"
            ],
            "description": "The Hack Standard Library",
            "time": "2018-08-27T18:09:57+00:00"
        }
    ],
    "packages-dev": [
        {
            "name": "facebook/definition-finder",
            "version": "v2.0.3",
            "source": {
                "type": "git",
                "url": "https://github.com/hhvm/definition-finder.git",
                "reference": "7607e61a0784786b1720e7b5cbda85f980f33d24"
            },
            "dist": {
                "type": "zip",
                "url": "https://api.github.com/repos/hhvm/definition-finder/zipball/7607e61a0784786b1720e7b5cbda85f980f33d24",
                "reference": "7607e61a0784786b1720e7b5cbda85f980f33d24",
                "shasum": ""
            },
            "require": {
                "hhvm": "^3.26.0",
                "hhvm/hhast": "^3.27.1",
                "hhvm/hhvm-autoload": "^1.6",
                "hhvm/hsl": "^3.26.0",
                "hhvm/type-assert": "^3.2"
            },
            "require-dev": {
                "91carriage/phpunit-hhi": "~5.1",
                "facebook/fbexpect": "^1.0.0",
                "phpunit/phpunit": "~5.1"
            },
            "type": "library",
            "autoload": {
                "classmap": [
                    "src/"
                ],
                "files": [
                    "autoload_files.php"
                ]
            },
            "notification-url": "https://packagist.org/downloads/",
            "license": [
                "MIT"
            ],
            "description": "Find definitions in PHP or Hack files. Useful for autoloaders.",
            "homepage": "https://github.com/hhvm/definitions-finder",
            "keywords": [
                "autoload",
                "definitions",
                "hack",
                "hhvm"
            ],
            "time": "2018-07-20T22:51:05+00:00"
        },
        {
            "name": "facebook/fbmarkdown",
            "version": "v1.2",
            "source": {
                "type": "git",
                "url": "https://github.com/hhvm/fbmarkdown.git",
                "reference": "c5f64b57ce15509da665056b5a41b51dfaa3cad6"
            },
            "dist": {
                "type": "zip",
                "url": "https://api.github.com/repos/hhvm/fbmarkdown/zipball/c5f64b57ce15509da665056b5a41b51dfaa3cad6",
                "reference": "c5f64b57ce15509da665056b5a41b51dfaa3cad6",
                "shasum": ""
            },
            "require": {
                "hhvm/hhvm-autoload": "^1.5",
                "hhvm/hsl": "^1.1|^3.26.0",
                "hhvm/type-assert": "^3.1"
            },
            "require-dev": {
                "91carriage/phpunit-hhi": "~5.7",
                "facebook/fbexpect": "^0.4.0|^3.26.0",
                "hhvm/hhast": "^1.0|^3.26.0",
                "phpunit/phpunit": "~5.7"
            },
            "type": "library",
            "notification-url": "https://packagist.org/downloads/",
            "license": [
                "MIT"
            ],
            "description": "Markdown parser and renderer for Hack",
            "keywords": [
                "facebook",
                "gfm",
                "hack",
                "markdown"
            ],
            "time": "2018-06-12T22:07:37+00:00"
        },
        {
            "name": "facebook/hh-apidoc",
            "version": "v0.1",
            "source": {
                "type": "git",
                "url": "https://github.com/hhvm/hh-apidoc.git",
                "reference": "10f05bf1d36990e4d7ef2fb7b7f344df1e3c9b5f"
            },
            "dist": {
                "type": "zip",
                "url": "https://api.github.com/repos/hhvm/hh-apidoc/zipball/10f05bf1d36990e4d7ef2fb7b7f344df1e3c9b5f",
                "reference": "10f05bf1d36990e4d7ef2fb7b7f344df1e3c9b5f",
                "shasum": ""
            },
            "require": {
                "facebook/definition-finder": "^2.0.0",
                "facebook/fbmarkdown": "^1.0",
                "facebook/hh-clilib": "^1.0.0",
                "hhvm": "^3.27.0",
                "hhvm/hhast": "^3.26.0",
                "hhvm/hsl": "^1.4|^3.26.0"
            },
            "type": "library",
            "notification-url": "https://packagist.org/downloads/",
            "license": [
                "MIT"
            ],
            "time": "2018-06-29T16:31:51+00:00"
        },
        {
            "name": "facebook/hh-clilib",
            "version": "v1.1.2",
            "source": {
                "type": "git",
                "url": "https://github.com/hhvm/hh-clilib.git",
                "reference": "2772c82a8f5fc715d5a2fbe801563f36fdda9943"
            },
            "dist": {
                "type": "zip",
                "url": "https://api.github.com/repos/hhvm/hh-clilib/zipball/2772c82a8f5fc715d5a2fbe801563f36fdda9943",
                "reference": "2772c82a8f5fc715d5a2fbe801563f36fdda9943",
                "shasum": ""
            },
            "require": {
                "hhvm/hsl": "^3.26",
                "hhvm/type-assert": "^3.2"
            },
            "require-dev": {
                "91carriage/phpunit-hhi": "^5.7",
                "facebook/fbexpect": "^1.1.0",
                "hhvm/hhast": "^3.27.0",
                "phpunit/phpunit": "^5.7"
            },
            "type": "library",
            "notification-url": "https://packagist.org/downloads/",
            "license": [
                "MIT"
            ],
            "time": "2018-06-20T03:25:12+00:00"
        },
        {
            "name": "hhvm/hacktest",
            "version": "0.2",
            "source": {
                "type": "git",
                "url": "https://github.com/hhvm/hacktest.git",
                "reference": "f03361f1b5f3b376a764ab860661c4e8b96e8d7c"
            },
            "dist": {
                "type": "zip",
                "url": "https://api.github.com/repos/hhvm/hacktest/zipball/f03361f1b5f3b376a764ab860661c4e8b96e8d7c",
                "reference": "f03361f1b5f3b376a764ab860661c4e8b96e8d7c",
                "shasum": ""
            },
            "require": {
                "facebook/hh-apidoc": "^0.1",
                "facebook/hh-clilib": "^1.0",
                "hhvm": "^3.28.0",
                "hhvm/hhvm-autoload": "^1.6",
                "hhvm/hsl": "^3.26",
                "hhvm/type-assert": "^3.2"
            },
            "require-dev": {
                "91carriage/phpunit-hhi": "^5.7",
                "facebook/fbexpect": "^1.0.0",
                "hhvm/hhast": "^3.27",
                "phpunit/phpunit": "^5.7"
            },
            "bin": [
                "bin/hacktest"
            ],
            "type": "library",
            "notification-url": "https://packagist.org/downloads/",
            "license": [
                "MIT"
            ],
            "description": "The Hack Test Library",
            "time": "2018-08-24T23:45:22+00:00"
        },
        {
            "name": "hhvm/hhast",
            "version": "v3.27.4",
            "source": {
                "type": "git",
                "url": "https://github.com/hhvm/hhast.git",
                "reference": "6427a690f8436bf697972dd88e91705cbdce7fbd"
            },
            "dist": {
                "type": "zip",
                "url": "https://api.github.com/repos/hhvm/hhast/zipball/6427a690f8436bf697972dd88e91705cbdce7fbd",
                "reference": "6427a690f8436bf697972dd88e91705cbdce7fbd",
                "shasum": ""
            },
            "require": {
                "facebook/hh-clilib": "^1.1.1",
                "hhvm": "^3.26.0",
                "hhvm/hsl": "^1.0.0|^3.26.0",
                "hhvm/type-assert": "^3.1"
            },
            "require-dev": {
                "91carriage/phpunit-hhi": "^5.7",
                "facebook/fbexpect": "^1.1.0",
                "facebook/hack-codegen": "~3.0.3",
                "hhvm/hhvm-autoload": "^1.5",
                "phpunit/phpunit": "^5.7"
            },
            "bin": [
                "bin/hhast-lint",
                "bin/hhast-inspect"
            ],
            "type": "library",
            "notification-url": "https://packagist.org/downloads/",
            "license": [
                "MIT"
            ],
            "time": "2018-08-06T23:04:30+00:00"
        },
        {
            "name": "hhvm/type-assert",
            "version": "v3.2.2",
            "source": {
                "type": "git",
                "url": "https://github.com/hhvm/type-assert.git",
                "reference": "9bbe7cac2ff831142d74203479e72046cbc932f8"
            },
            "dist": {
                "type": "zip",
                "url": "https://api.github.com/repos/hhvm/type-assert/zipball/9bbe7cac2ff831142d74203479e72046cbc932f8",
                "reference": "9bbe7cac2ff831142d74203479e72046cbc932f8",
                "shasum": ""
            },
            "require": {
                "hhvm": "^3.23.0",
                "hhvm/hhvm-autoload": "^1.4",
                "hhvm/hsl": "^1.0|^3.26.0"
            },
            "require-dev": {
                "91carriage/phpunit-hhi": "~5.1",
                "facebook/fbexpect": "^0.4.0|^1.0.0",
                "phpunit/phpunit": "~5.1"
            },
            "type": "library",
            "notification-url": "https://packagist.org/downloads/",
            "license": [
                "MIT"
            ],
            "description": "Convert untyped data to typed data",
            "keywords": [
                "TypeAssert",
                "hack"
            ],
            "time": "2018-05-09T18:23:07+00:00"
        }
    ],
    "aliases": [],
    "minimum-stability": "stable",
    "stability-flags": [],
    "prefer-stable": false,
    "prefer-lowest": false,
    "platform": {
        "hhvm": "^3.23"
    },
    "platform-dev": []
}
