{
    "_readme": [
        "This file locks the dependencies of your project to a known state",
        "Read more about it at https://getcomposer.org/doc/01-basic-usage.md#installing-dependencies",
        "This file is @generated automatically"
    ],
    "content-hash": "095df3a7cd9d30ce9ebfa636054c84a6",
    "packages": [
        {
            "name": "fredemmott/hack-error-suppressor",
            "version": "v1.0.1",
            "source": {
                "type": "git",
                "url": "https://github.com/fredemmott/hack-error-suppressor.git",
                "reference": "cb145c771b50f4f4eeec8c9cac4740df3d486a12"
            },
            "dist": {
                "type": "zip",
                "url": "https://api.github.com/repos/fredemmott/hack-error-suppressor/zipball/cb145c771b50f4f4eeec8c9cac4740df3d486a12",
                "reference": "cb145c771b50f4f4eeec8c9cac4740df3d486a12",
                "shasum": ""
            },
            "require-dev": {
                "91carriage/phpunit-hhi": "^5.6",
                "phpunit/phpunit": "^5.7"
            },
            "type": "library",
            "autoload": {
                "classmap": [
                    "src/"
                ]
            },
            "notification-url": "https://packagist.org/downloads/",
            "license": [
                "ISC"
            ],
            "authors": [
                {
                    "name": "Fred Emmott",
                    "email": "fred@fredemmott.co.uk"
                }
            ],
            "description": "Suppress HHVM's automatic conversion of typechecker errors to fatals.",
            "time": "2017-05-02T03:07:37+00:00"
        },
        {
            "name": "hhvm/hhvm-autoload",
            "version": "v1.6.6",
            "source": {
                "type": "git",
                "url": "https://github.com/hhvm/hhvm-autoload.git",
                "reference": "2808fe06fa850532270c54155c0bdab1bf0f67da"
            },
            "dist": {
                "type": "zip",
                "url": "https://api.github.com/repos/hhvm/hhvm-autoload/zipball/2808fe06fa850532270c54155c0bdab1bf0f67da",
                "reference": "2808fe06fa850532270c54155c0bdab1bf0f67da",
                "shasum": ""
            },
            "require": {
                "composer-plugin-api": "^1.0",
                "fredemmott/hack-error-suppressor": "^1.0",
                "hhvm": "^3.23"
            },
            "replace": {
                "facebook/hhvm-autoload": "1.*"
            },
            "require-dev": {
                "91carriage/phpunit-hhi": "^5.5",
                "facebook/fbexpect": "^1.1",
                "phpunit/phpunit": "^5.5"
            },
            "bin": [
                "bin/hh-autoload"
            ],
            "type": "composer-plugin",
            "extra": {
                "class": [
                    "Facebook\\AutoloadMap\\ComposerPlugin"
                ]
            },
            "autoload": {
                "classmap": [
                    "src/Writer.php",
                    "src/"
                ],
                "files": [
                    "src/AutoloadMap.php",
                    "src/Config.php",
                    "src/TypeAssert.php"
                ]
            },
            "notification-url": "https://packagist.org/downloads/",
            "time": "2018-06-12T20:21:07+00:00"
        },
        {
            "name": "hhvm/hsl",
            "version": "v3.27.0",
            "source": {
                "type": "git",
                "url": "https://github.com/hhvm/hsl.git",
                "reference": "f43f027681402f0a6807325400a761106fa10274"
            },
            "dist": {
                "type": "zip",
                "url": "https://api.github.com/repos/hhvm/hsl/zipball/f43f027681402f0a6807325400a761106fa10274",
                "reference": "f43f027681402f0a6807325400a761106fa10274",
                "shasum": ""
            },
            "require": {
                "hhvm": "^3.27.0",
                "hhvm/hhvm-autoload": "^1.4"
            },
            "require-dev": {
                "91carriage/phpunit-hhi": "^5.7",
                "facebook/fbexpect": "^1.0.0",
                "phpunit/phpunit": "^5.7"
            },
            "type": "library",
            "notification-url": "https://packagist.org/downloads/",
            "license": [
                "MIT"
            ],
            "description": "The Hack Standard Library",
            "time": "2018-06-07T01:25:22+00:00"
        }
    ],
    "packages-dev": [
        {
            "name": "facebook/definition-finder",
            "version": "v2.0.2",
            "source": {
                "type": "git",
                "url": "https://github.com/hhvm/definition-finder.git",
                "reference": "56e423889c51d315970305d44f70f0a7b9947dc4"
            },
            "dist": {
                "type": "zip",
                "url": "https://api.github.com/repos/hhvm/definition-finder/zipball/56e423889c51d315970305d44f70f0a7b9947dc4",
                "reference": "56e423889c51d315970305d44f70f0a7b9947dc4",
                "shasum": ""
            },
            "require": {
                "hhvm": "^3.26.0",
                "hhvm/hhast": "3.27.1",
                "hhvm/hhvm-autoload": "^1.6",
                "hhvm/hsl": "^3.26.0",
                "hhvm/type-assert": "^3.2"
            },
            "require-dev": {
                "91carriage/phpunit-hhi": "~5.1",
                "facebook/fbexpect": "^1.0.0",
                "hhvm/systemlib-extractor": "~1.0",
                "phpunit/phpunit": "~5.1"
            },
            "type": "library",
            "autoload": {
                "classmap": [
                    "src/"
                ],
                "files": [
                    "autoload_files.php"
                ]
            },
            "notification-url": "https://packagist.org/downloads/",
            "license": [
                "MIT"
            ],
            "description": "Find definitions in PHP or Hack files. Useful for autoloaders.",
            "homepage": "https://github.com/hhvm/definitions-finder",
            "keywords": [
                "autoload",
                "definitions",
                "hack",
                "hhvm"
            ],
            "time": "2018-06-28T19:37:43+00:00"
        },
        {
            "name": "facebook/fbmarkdown",
            "version": "v1.2",
            "source": {
                "type": "git",
                "url": "https://github.com/hhvm/fbmarkdown.git",
                "reference": "c5f64b57ce15509da665056b5a41b51dfaa3cad6"
            },
            "dist": {
                "type": "zip",
                "url": "https://api.github.com/repos/hhvm/fbmarkdown/zipball/c5f64b57ce15509da665056b5a41b51dfaa3cad6",
                "reference": "c5f64b57ce15509da665056b5a41b51dfaa3cad6",
                "shasum": ""
            },
            "require": {
                "hhvm/hhvm-autoload": "^1.5",
                "hhvm/hsl": "^1.1|^3.26.0",
                "hhvm/type-assert": "^3.1"
            },
            "require-dev": {
                "91carriage/phpunit-hhi": "~5.7",
                "facebook/fbexpect": "^0.4.0|^3.26.0",
                "hhvm/hhast": "^1.0|^3.26.0",
                "phpunit/phpunit": "~5.7"
            },
            "type": "library",
            "notification-url": "https://packagist.org/downloads/",
            "license": [
                "MIT"
            ],
            "description": "Markdown parser and renderer for Hack",
            "keywords": [
                "facebook",
                "gfm",
                "hack",
                "markdown"
            ],
            "time": "2018-06-12T22:07:37+00:00"
        },
        {
            "name": "facebook/hh-apidoc",
            "version": "v0.1",
            "source": {
                "type": "git",
                "url": "https://github.com/hhvm/hh-apidoc.git",
                "reference": "10f05bf1d36990e4d7ef2fb7b7f344df1e3c9b5f"
            },
            "dist": {
                "type": "zip",
                "url": "https://api.github.com/repos/hhvm/hh-apidoc/zipball/10f05bf1d36990e4d7ef2fb7b7f344df1e3c9b5f",
                "reference": "10f05bf1d36990e4d7ef2fb7b7f344df1e3c9b5f",
                "shasum": ""
            },
            "require": {
                "facebook/definition-finder": "^2.0.0",
                "facebook/fbmarkdown": "^1.0",
                "facebook/hh-clilib": "^1.0.0",
                "hhvm": "^3.27.0",
                "hhvm/hhast": "^3.26.0",
                "hhvm/hsl": "^1.4|^3.26.0"
            },
            "type": "library",
            "notification-url": "https://packagist.org/downloads/",
            "license": [
                "MIT"
            ],
            "time": "2018-06-29T16:31:51+00:00"
        },
        {
            "name": "facebook/hh-clilib",
            "version": "v1.1.2",
            "source": {
                "type": "git",
                "url": "https://github.com/hhvm/hh-clilib.git",
                "reference": "2772c82a8f5fc715d5a2fbe801563f36fdda9943"
            },
            "dist": {
                "type": "zip",
                "url": "https://api.github.com/repos/hhvm/hh-clilib/zipball/2772c82a8f5fc715d5a2fbe801563f36fdda9943",
                "reference": "2772c82a8f5fc715d5a2fbe801563f36fdda9943",
                "shasum": ""
            },
            "require": {
                "hhvm/hsl": "^3.26",
                "hhvm/type-assert": "^3.2"
            },
            "require-dev": {
                "91carriage/phpunit-hhi": "^5.7",
                "facebook/fbexpect": "^1.1.0",
                "hhvm/hhast": "^3.27.0",
                "phpunit/phpunit": "^5.7"
            },
            "type": "library",
            "notification-url": "https://packagist.org/downloads/",
            "license": [
                "MIT"
            ],
            "time": "2018-06-20T03:25:12+00:00"
        },
        {
            "name": "hhvm/hacktest",
            "version": "dev-master",
            "source": {
                "type": "git",
                "url": "git@github.com:hhvm/hacktest.git",
                "reference": "483864c3def16eb4a5162086e2b59b301c69d2a9"
            },
            "dist": {
                "type": "zip",
                "url": "https://api.github.com/repos/hhvm/hacktest/zipball/483864c3def16eb4a5162086e2b59b301c69d2a9",
                "reference": "483864c3def16eb4a5162086e2b59b301c69d2a9",
                "shasum": ""
            },
            "require": {
                "facebook/definition-finder": "^2.0",
                "facebook/hh-apidoc": "^0.1",
                "facebook/hh-clilib": "^1.0",
                "hhvm": "^3.27.0",
                "hhvm/hhvm-autoload": "^1.6",
                "hhvm/hsl": "^3.26",
                "hhvm/type-assert": "^3.2"
            },
            "require-dev": {
                "91carriage/phpunit-hhi": "^5.7",
                "facebook/fbexpect": "^1.0.0",
                "hhvm/hhast": "^3.27",
                "phpunit/phpunit": "^5.7"
            },
            "bin": [
                "bin/hacktest"
            ],
            "type": "library",
            "license": [
                "MIT"
            ],
            "description": "The Hack Test Library",
            "support": {
                "source": "https://github.com/hhvm/hacktest/tree/master",
                "issues": "https://github.com/hhvm/hacktest/issues"
            },
            "time": "2018-07-18T17:07:07+00:00"
        },
        {
            "name": "hhvm/hhast",
            "version": "v3.27.1",
            "source": {
                "type": "git",
                "url": "https://github.com/hhvm/hhast.git",
                "reference": "8cd58881ccecaf81a0c330dd204f4e0089ef9104"
            },
            "dist": {
                "type": "zip",
                "url": "https://api.github.com/repos/hhvm/hhast/zipball/8cd58881ccecaf81a0c330dd204f4e0089ef9104",
                "reference": "8cd58881ccecaf81a0c330dd204f4e0089ef9104",
                "shasum": ""
            },
            "require": {
                "facebook/hh-clilib": "^1.1.1",
                "hhvm": "^3.26.0",
                "hhvm/hsl": "^1.0.0|^3.26.0",
                "hhvm/type-assert": "^3.1"
            },
            "require-dev": {
                "91carriage/phpunit-hhi": "^5.7",
                "facebook/fbexpect": "^1.1.0",
                "facebook/hack-codegen": "~3.0.3",
                "hhvm/hhvm-autoload": "^1.5",
                "phpunit/phpunit": "^5.7"
            },
            "bin": [
                "bin/hhast-lint",
                "bin/hhast-inspect"
            ],
            "type": "library",
            "notification-url": "https://packagist.org/downloads/",
            "license": [
                "MIT"
            ],
            "time": "2018-06-28T15:01:11+00:00"
        },
        {
            "name": "hhvm/type-assert",
            "version": "v3.2.2",
            "source": {
                "type": "git",
                "url": "https://github.com/hhvm/type-assert.git",
                "reference": "9bbe7cac2ff831142d74203479e72046cbc932f8"
            },
            "dist": {
                "type": "zip",
                "url": "https://api.github.com/repos/hhvm/type-assert/zipball/9bbe7cac2ff831142d74203479e72046cbc932f8",
                "reference": "9bbe7cac2ff831142d74203479e72046cbc932f8",
                "shasum": ""
            },
            "require": {
                "hhvm": "^3.23.0",
                "hhvm/hhvm-autoload": "^1.4",
                "hhvm/hsl": "^1.0|^3.26.0"
            },
            "require-dev": {
                "91carriage/phpunit-hhi": "~5.1",
                "facebook/fbexpect": "^0.4.0|^1.0.0",
                "phpunit/phpunit": "~5.1"
            },
            "type": "library",
            "notification-url": "https://packagist.org/downloads/",
            "license": [
                "MIT"
            ],
            "description": "Convert untyped data to typed data",
            "keywords": [
                "TypeAssert",
                "hack"
            ],
            "time": "2018-05-09T18:23:07+00:00"
        }
    ],
    "aliases": [],
    "minimum-stability": "stable",
    "stability-flags": {
        "hhvm/hacktest": 20
    },
    "prefer-stable": false,
    "prefer-lowest": false,
    "platform": {
        "hhvm": "^3.23"
    },
    "platform-dev": []
}
